
Microsoft Visual Studio Solution File, Format Version 10.00
# Visual Studio 2008
Project("{2150E333-8FDC-42A3-9474-1A3956D46DE8}") = "Solution Items", "Solution Items", "{BF2553F2-F8DB-4667-B7A8-84F1C4DCB43E}"
EndProject
Project("{8BC9CEB8-8B4A-11D0-8D11-00A0C91BC942}") = "StepNCAnnotator", "StepNCAnnotator\StepNCAnnotator.vcproj", "{F84DB6A1-7511-4D2F-9FE4-817E35BD473F}"
EndProject
Global
	GlobalSection(SolutionConfigurationPlatforms) = preSolution
		Debug|Win32 = Debug|Win32
		Release|Win32 = Release|Win32
	EndGlobalSection
	GlobalSection(ProjectConfigurationPlatforms) = postSolution
		{F84DB6A1-7511-4D2F-9FE4-817E35BD473F}.Debug|Win32.ActiveCfg = Debug|Win32
		{F84DB6A1-7511-4D2F-9FE4-817E35BD473F}.Debug|Win32.Build.0 = Debug|Win32
		{F84DB6A1-7511-4D2F-9FE4-817E35BD473F}.Release|Win32.ActiveCfg = Release|Win32
		{F84DB6A1-7511-4D2F-9FE4-817E35BD473F}.Release|Win32.Build.0 = Release|Win32
	EndGlobalSection
	GlobalSection(SolutionProperties) = preSolution
		HideSolutionNode = FALSE
	EndGlobalSection
EndGlobal
