<?xml version="1.0" encoding="utf-8"?>
<Project ToolsVersion="4.0" xmlns="http://schemas.microsoft.com/developer/msbuild/2003">
  <ItemGroup>
    <Filter Include="Source Files">
      <UniqueIdentifier>{779751c5-417d-4322-8107-931f09fa669b}</UniqueIdentifier>
      <Extensions>cpp;c;cxx;def;odl;idl;hpj;bat;asm</Extensions>
    </Filter>
    <Filter Include="Header Files">
      <UniqueIdentifier>{4643fc2b-2122-4ee2-95e1-2eb9d37edafb}</UniqueIdentifier>
      <Extensions>h;hpp;hxx;hm;inl;inc</Extensions>
    </Filter>
    <Filter Include="Resource Files">
      <UniqueIdentifier>{f38455ee-bc2d-4ac6-b98a-8f96f99ba967}</UniqueIdentifier>
      <Extensions>rc;ico;cur;bmp;dlg;rc2;rct;bin;rgs;jpg;jpeg;jpe;manifest</Extensions>
    </Filter>
  </ItemGroup>
  <ItemGroup>
    <ClCompile Include="AboutDlg.cpp">
      <Filter>Source Files</Filter>
    </ClCompile>
    <ClCompile Include="CreateCPPClasses.cpp">
      <Filter>Source Files</Filter>
    </ClCompile>
    <ClCompile Include="Express2Html.cpp">
      <Filter>Source Files</Filter>
    </ClCompile>
    <ClCompile Include="ExpressUtils.cpp">
      <Filter>Source Files</Filter>
    </ClCompile>
    <ClCompile Include="MainFrm.cpp">
      <Filter>Source Files</Filter>
    </ClCompile>
    <ClCompile Include="Spirit.cpp">
      <Filter>Source Files</Filter>
    </ClCompile>
    <ClCompile Include="SpiritView.cpp">
      <Filter>Source Files</Filter>
    </ClCompile>
    <ClCompile Include="stdafx.cpp">
      <Filter>Source Files</Filter>
    </ClCompile>
    <ClCompile Include="StepParser.cpp">
      <Filter>Source Files</Filter>
    </ClCompile>
  </ItemGroup>
  <ItemGroup>
    <ClInclude Include="AboutDlg.h">
      <Filter>Header Files</Filter>
    </ClInclude>
    <ClInclude Include="Console.h">
      <Filter>Header Files</Filter>
    </ClInclude>
    <ClInclude Include="CreateCPPClasses.h">
      <Filter>Header Files</Filter>
    </ClInclude>
    <ClInclude Include="Express2Html.h">
      <Filter>Header Files</Filter>
    </ClInclude>
    <ClInclude Include="ExpressUtils.h">
      <Filter>Header Files</Filter>
    </ClInclude>
    <ClInclude Include="MainFrm.h">
      <Filter>Header Files</Filter>
    </ClInclude>
    <ClInclude Include="Misc.h">
      <Filter>Header Files</Filter>
    </ClInclude>
    <ClInclude Include="OutDebug.h">
      <Filter>Header Files</Filter>
    </ClInclude>
    <ClInclude Include="resource.h">
      <Filter>Header Files</Filter>
    </ClInclude>
    <ClInclude Include="SpiritView.h">
      <Filter>Header Files</Filter>
    </ClInclude>
    <ClInclude Include="stdafx.h">
      <Filter>Header Files</Filter>
    </ClInclude>
    <ClInclude Include="StepParser.h">
      <Filter>Header Files</Filter>
    </ClInclude>
  </ItemGroup>
  <ItemGroup>
    <None Include="res\Spirit.ico">
      <Filter>Resource Files</Filter>
    </None>
    <None Include="res\toolbar.bmp">
      <Filter>Resource Files</Filter>
    </None>
    <None Include="EBNFTreeEval.txt" />
    <None Include="ErrorHandling.txt" />
    <None Include="expressyacc.txt" />
    <None Include="ippdme.txt" />
    <None Include="Notes.txt" />
    <None Include="step.txt" />
  </ItemGroup>
  <ItemGroup>
    <ResourceCompile Include="Spirit.rc">
      <Filter>Resource Files</Filter>
    </ResourceCompile>
  </ItemGroup>
</Project>