
Microsoft Visual Studio Solution File, Format Version 10.00
# Visual Studio 2008
Project("{8BC9CEB8-8B4A-11D0-8D11-00A0C91BC942}") = "NiStep", "NiStep\NiStep.vcproj", "{F2CC6D54-E91D-4399-9107-75197CC02D70}"
EndProject
Project("{2150E333-8FDC-42A3-9474-1A3956D46DE8}") = "Common", "Common", "{4709448B-8876-4593-AC04-A10DB576E0DE}"
	ProjectSection(SolutionItems) = preProject
		Common\Misc.h = Common\Misc.h
		Common\OutDebug.h = Common\OutDebug.h
		Common\StdString.h = Common\StdString.h
	EndProjectSection
EndProject
Project("{8BC9CEB8-8B4A-11D0-8D11-00A0C91BC942}") = "StepAnnotator", "StepAnnotator\StepAnnotator.vcproj", "{6118304F-BAB8-4D67-8FB3-82911840D393}"
	ProjectSection(ProjectDependencies) = postProject
		{F2CC6D54-E91D-4399-9107-75197CC02D70} = {F2CC6D54-E91D-4399-9107-75197CC02D70}
	EndProjectSection
EndProject
Project("{2150E333-8FDC-42A3-9474-1A3956D46DE8}") = "Solution Items", "Solution Items", "{93ED7D28-FB0D-4C9B-9217-F8CB77DF3CE5}"
	ProjectSection(SolutionItems) = preProject
		NiStep\Changelog.txt = NiStep\Changelog.txt
		Todo.txt = Todo.txt
	EndProjectSection
EndProject
Global
	GlobalSection(SolutionConfigurationPlatforms) = preSolution
		Debug|Win32 = Debug|Win32
		Release|Win32 = Release|Win32
	EndGlobalSection
	GlobalSection(ProjectConfigurationPlatforms) = postSolution
		{F2CC6D54-E91D-4399-9107-75197CC02D70}.Debug|Win32.ActiveCfg = Debug|Win32
		{F2CC6D54-E91D-4399-9107-75197CC02D70}.Debug|Win32.Build.0 = Debug|Win32
		{F2CC6D54-E91D-4399-9107-75197CC02D70}.Release|Win32.ActiveCfg = Release|Win32
		{F2CC6D54-E91D-4399-9107-75197CC02D70}.Release|Win32.Build.0 = Release|Win32
		{6118304F-BAB8-4D67-8FB3-82911840D393}.Debug|Win32.ActiveCfg = Debug|Win32
		{6118304F-BAB8-4D67-8FB3-82911840D393}.Debug|Win32.Build.0 = Debug|Win32
		{6118304F-BAB8-4D67-8FB3-82911840D393}.Release|Win32.ActiveCfg = Release|Win32
		{6118304F-BAB8-4D67-8FB3-82911840D393}.Release|Win32.Build.0 = Release|Win32
	EndGlobalSection
	GlobalSection(SolutionProperties) = preSolution
		HideSolutionNode = FALSE
	EndGlobalSection
EndGlobal
