
Microsoft Visual Studio Solution File, Format Version 9.00
# Visual Studio 2005
Project("{8BC9CEB8-8B4A-11D0-8D11-00A0C91BC942}") = "P203Reader", "P203Reader\P203Reader.vcproj", "{2A0B4806-DB08-45F8-B7CE-1EA331F9855A}"
EndProject
Global
	GlobalSection(SolutionConfigurationPlatforms) = preSolution
		Debug|Win32 = Debug|Win32
		Release|Win32 = Release|Win32
	EndGlobalSection
	GlobalSection(ProjectConfigurationPlatforms) = postSolution
		{2A0B4806-DB08-45F8-B7CE-1EA331F9855A}.Debug|Win32.ActiveCfg = Debug|Win32
		{2A0B4806-DB08-45F8-B7CE-1EA331F9855A}.Debug|Win32.Build.0 = Debug|Win32
		{2A0B4806-DB08-45F8-B7CE-1EA331F9855A}.Release|Win32.ActiveCfg = Release|Win32
		{2A0B4806-DB08-45F8-B7CE-1EA331F9855A}.Release|Win32.Build.0 = Release|Win32
	EndGlobalSection
	GlobalSection(SolutionProperties) = preSolution
		HideSolutionNode = FALSE
	EndGlobalSection
EndGlobal
